
Microsoft Visual Studio Solution File, Format Version 12.00
# Visual Studio Version 16
VisualStudioVersion = 16.0.35026.282
MinimumVisualStudioVersion = 10.0.40219.1
Project("{FAE04EC0-301F-11D3-BF4B-00C04F79EFBC}") = "Stored Procedures", "Stored Procedures\Stored Procedures.csproj", "{5B30BC0D-ECF9-4DAC-B2AC-EB22B7D2098D}"
EndProject
Global
	GlobalSection(SolutionConfigurationPlatforms) = preSolution
		Debug|Any CPU = Debug|Any CPU
		Release|Any CPU = Release|Any CPU
	EndGlobalSection
	GlobalSection(ProjectConfigurationPlatforms) = postSolution
		{5B30BC0D-ECF9-4DAC-B2AC-EB22B7D2098D}.Debug|Any CPU.ActiveCfg = Debug|Any CPU
		{5B30BC0D-ECF9-4DAC-B2AC-EB22B7D2098D}.Debug|Any CPU.Build.0 = Debug|Any CPU
		{5B30BC0D-ECF9-4DAC-B2AC-EB22B7D2098D}.Release|Any CPU.ActiveCfg = Release|Any CPU
		{5B30BC0D-ECF9-4DAC-B2AC-EB22B7D2098D}.Release|Any CPU.Build.0 = Release|Any CPU
	EndGlobalSection
	GlobalSection(SolutionProperties) = preSolution
		HideSolutionNode = FALSE
	EndGlobalSection
	GlobalSection(ExtensibilityGlobals) = postSolution
		SolutionGuid = {C2265D3D-DB8C-4FD3-9133-80C53D66825E}
	EndGlobalSection
EndGlobal
